{
  "name": "locked-consumer",
  "version": "0.0.0",
  "lockfileVersion": 3,
  "requires": true,
  "packages": {
    "": {
      "name": "locked-consumer",
      "version": "0.0.0",
      "license": "MIT",
      "dependencies": {
        "postinstall-spy": "file:../postinstall-spy-1.0.0.tgz"
      }
    },
    "node_modules/postinstall-spy": {
      "version": "1.0.0",
      "resolved": "file:../postinstall-spy-1.0.0.tgz",
      "integrity": "sha512-/FSjoHBJstg33U2QrIodrY++JbB8IBgkpBzZKRbWrmUix72dqVj1wleQAyqxUF9tkT9FMtdvBi97X9SSFkdRtA==",
      "hasInstallScript": true,
      "license": "MIT"
    }
  }
}
